deedles.dev/tray v0.1.10 h1:m9J3kj17FmjMkhsSF3WX+xizMnBVbd79Lwd8GE/UlJM=
deedles.dev/tray v0.1.10/go.mod h1:Lfd/jNMT3QUxxQ23qt/JYM1bDAqwPIj+A0dWX/qtw+Q=
github.com/diamondburned/gotk4-adwaita/pkg v0.0.0-20260808200908-d4aecaa0ff32 h1:1EATAO7ZRrY7B7lt6djCzGnLPlKXPzuOuwPzDSF7jT0=
github.com/diamondburned/gotk4-adwaita/pkg v0.0.0-20260808200908-d4aecaa0ff32/go.mod h1:ZzYiyPe0TqsukfPHi0sK/WwKzm0wIJdSRylLnuvAZNw=
github.com/diamondburned/gotk4/pkg v0.4.1 h1:w4BwVUUBkKyNLz5HKHN2Oz3kZCTLHfpfKgB/su1p6uo=
github.com/diamondburned/gotk4/pkg v0.4.1/go.mod h1:BAEEDXtj5srQ1S2++5HX2K1s9c6CtuWSa60dAywrkRM=
github.com/godbus/dbus/v5 v5.2.0 h1:3WexO+U+yg9T70v9FdHr9kCxYlazaAXUhx2VMkbfax8=
github.com/godbus/dbus/v5 v5.2.0/go.mod h1:3AAv2+hPq5rdnr5txxxRwiGjPXamgoIHgz9FPBfOp3c=
golang.org/x/sync v0.0.0-20210220032951-036812b2e83c h1:5KslGYwFpkhGh+Q16bwMP3cOontH8FOep7tGV86Y7SQ=
golang.org/x/sync v0.0.0-20210220032951-036812b2e83c/go.mod h1:RxMgew5VJxzue5/jJTE5uejpjVlOe/izrB70Jof72aM=
golang.org/x/sys v0.38.0 h1:3yZWxaJjBmCWXqhN1qh02AkOnCQ1poK6oF+a7xWL6Gc=
golang.org/x/sys v0.38.0/go.mod h1:OgkHotnGiDImocRcuBABYBEXf8A9a87e/uXjp9XT3ks=
